{
  "name": "dependency-injection",
  "version": "1.0.0",
  "lockfileVersion": 1,
  "requires": true,
  "dependencies": {
    "@dannyxcii/badger": {
      "version": "0.4.1",
      "resolved": "https://registry.npmjs.org/@dannyxcii/badger/-/badger-0.4.1.tgz",
      "integrity": "sha512-fK39595AbeKiajI6cxI+Odov+/r8aWXLItNELoxFhf59uzTEI6lL7JUm2t7GyBi0OZieO+7me1zWdRkIONdFOQ==",
      "dev": true
    }
  }
}
